
Microsoft Visual Studio Solution File, Format Version 12.00
# Visual Studio 15
VisualStudioVersion = 15.0.27130.2010
MinimumVisualStudioVersion = 10.0.40219.1
Project("{FAE04EC0-301F-11D3-BF4B-00C04F79EFBC}") = "NeckAngel", "NeckAngel\NeckAngel.csproj", "{77E7DC21-1061-43BA-9667-85E22BD5AB3D}"
EndProject
Global
	GlobalSection(SolutionConfigurationPlatforms) = preSolution
		Debug|Any CPU = Debug|Any CPU
		Release|Any CPU = Release|Any CPU
	EndGlobalSection
	GlobalSection(ProjectConfigurationPlatforms) = postSolution
		{77E7DC21-1061-43BA-9667-85E22BD5AB3D}.Debug|Any CPU.ActiveCfg = Debug|Any CPU
		{77E7DC21-1061-43BA-9667-85E22BD5AB3D}.Debug|Any CPU.Build.0 = Debug|Any CPU
		{77E7DC21-1061-43BA-9667-85E22BD5AB3D}.Release|Any CPU.ActiveCfg = Release|Any CPU
		{77E7DC21-1061-43BA-9667-85E22BD5AB3D}.Release|Any CPU.Build.0 = Release|Any CPU
	EndGlobalSection
	GlobalSection(SolutionProperties) = preSolution
		HideSolutionNode = FALSE
	EndGlobalSection
	GlobalSection(ExtensibilityGlobals) = postSolution
		SolutionGuid = {6A32E21E-C5CD-4E44-AC41-7C46E9CD5871}
	EndGlobalSection
EndGlobal
